
Microsoft Visual Studio Solution File, Format Version 12.00
# Visual Studio 15
VisualStudioVersion = 15.0.26730.16
MinimumVisualStudioVersion = 10.0.40219.1
Project("{FAE04EC0-301F-11D3-BF4B-00C04F79EFBC}") = "SWLOR.Web", "SWLOR.Web\SWLOR.Web.csproj", "{21692316-ACF3-4BE5-9880-22936226FF92}"
EndProject
Global
	GlobalSection(SolutionConfigurationPlatforms) = preSolution
		Debug|Any CPU = Debug|Any CPU
		Release|Any CPU = Release|Any CPU
	EndGlobalSection
	GlobalSection(ProjectConfigurationPlatforms) = postSolution
		{21692316-ACF3-4BE5-9880-22936226FF92}.Debug|Any CPU.ActiveCfg = Debug|Any CPU
		{21692316-ACF3-4BE5-9880-22936226FF92}.Debug|Any CPU.Build.0 = Debug|Any CPU
		{21692316-ACF3-4BE5-9880-22936226FF92}.Release|Any CPU.ActiveCfg = Release|Any CPU
		{21692316-ACF3-4BE5-9880-22936226FF92}.Release|Any CPU.Build.0 = Release|Any CPU
	EndGlobalSection
	GlobalSection(SolutionProperties) = preSolution
		HideSolutionNode = FALSE
	EndGlobalSection
	GlobalSection(ExtensibilityGlobals) = postSolution
		SolutionGuid = {CB225C37-1EAD-4D89-90F6-7204719A5D05}
	EndGlobalSection
EndGlobal
